
Microsoft Visual Studio Solution File, Format Version 12.00
# Visual Studio Version 17
VisualStudioVersion = 17.5.33516.290
MinimumVisualStudioVersion = 10.0.40219.1
Project("{2150E333-8FDC-42A3-9474-1A3956D46DE8}") = "Services", "Services", "{5B722E17-E557-4221-84A2-D1576695A629}"
EndProject
Project("{9A19103F-16F7-4668-BE54-9A1E7A4F7556}") = "ItemPedido.API", "Vendas.API\ItemPedido.API.csproj", "{613272E3-00F3-4169-963C-252DFF73F1EB}"
EndProject
Project("{9A19103F-16F7-4668-BE54-9A1E7A4F7556}") = "Cliente.IdentityServer", "Cliente.IdentityServer\Cliente.IdentityServer.csproj", "{A703E0D2-F182-464E-B982-AEE1BA333199}"
EndProject
Global
	GlobalSection(SolutionConfigurationPlatforms) = preSolution
		Debug|Any CPU = Debug|Any CPU
		Release|Any CPU = Release|Any CPU
	EndGlobalSection
	GlobalSection(ProjectConfigurationPlatforms) = postSolution
		{613272E3-00F3-4169-963C-252DFF73F1EB}.Debug|Any CPU.ActiveCfg = Debug|Any CPU
		{613272E3-00F3-4169-963C-252DFF73F1EB}.Debug|Any CPU.Build.0 = Debug|Any CPU
		{613272E3-00F3-4169-963C-252DFF73F1EB}.Release|Any CPU.ActiveCfg = Release|Any CPU
		{613272E3-00F3-4169-963C-252DFF73F1EB}.Release|Any CPU.Build.0 = Release|Any CPU
		{A703E0D2-F182-464E-B982-AEE1BA333199}.Debug|Any CPU.ActiveCfg = Debug|Any CPU
		{A703E0D2-F182-464E-B982-AEE1BA333199}.Debug|Any CPU.Build.0 = Debug|Any CPU
		{A703E0D2-F182-464E-B982-AEE1BA333199}.Release|Any CPU.ActiveCfg = Release|Any CPU
		{A703E0D2-F182-464E-B982-AEE1BA333199}.Release|Any CPU.Build.0 = Release|Any CPU
	EndGlobalSection
	GlobalSection(SolutionProperties) = preSolution
		HideSolutionNode = FALSE
	EndGlobalSection
	GlobalSection(NestedProjects) = preSolution
		{613272E3-00F3-4169-963C-252DFF73F1EB} = {5B722E17-E557-4221-84A2-D1576695A629}
		{A703E0D2-F182-464E-B982-AEE1BA333199} = {5B722E17-E557-4221-84A2-D1576695A629}
	EndGlobalSection
	GlobalSection(ExtensibilityGlobals) = postSolution
		SolutionGuid = {F4DEAB59-C044-4681-B8C5-4A5372C7BCFA}
	EndGlobalSection
EndGlobal
